
Microsoft Visual Studio Solution File, Format Version 12.00
# Visual Studio Version 17
VisualStudioVersion = 17.3.32929.385
MinimumVisualStudioVersion = 10.0.40219.1
Project("{FAE04EC0-301F-11D3-BF4B-00C04F79EFBC}") = "testi", "testi\testi.csproj", "{4CEA2A99-A6B5-48C6-9052-7B9D975C1290}"
EndProject
Global
	GlobalSection(SolutionConfigurationPlatforms) = preSolution
		Debug|Any CPU = Debug|Any CPU
		Release|Any CPU = Release|Any CPU
	EndGlobalSection
	GlobalSection(ProjectConfigurationPlatforms) = postSolution
		{4CEA2A99-A6B5-48C6-9052-7B9D975C1290}.Debug|Any CPU.ActiveCfg = Debug|Any CPU
		{4CEA2A99-A6B5-48C6-9052-7B9D975C1290}.Debug|Any CPU.Build.0 = Debug|Any CPU
		{4CEA2A99-A6B5-48C6-9052-7B9D975C1290}.Release|Any CPU.ActiveCfg = Release|Any CPU
		{4CEA2A99-A6B5-48C6-9052-7B9D975C1290}.Release|Any CPU.Build.0 = Release|Any CPU
	EndGlobalSection
	GlobalSection(SolutionProperties) = preSolution
		HideSolutionNode = FALSE
	EndGlobalSection
	GlobalSection(ExtensibilityGlobals) = postSolution
		SolutionGuid = {DB86AC35-77E2-4B99-938D-00FF27D9E006}
	EndGlobalSection
EndGlobal
