
Microsoft Visual Studio Solution File, Format Version 12.00
# Visual Studio Version 17
VisualStudioVersion = 17.3.32929.385
MinimumVisualStudioVersion = 10.0.40219.1
Project("{FAE04EC0-301F-11D3-BF4B-00C04F79EFBC}") = "Harjoitus 3 Kiuas", "Harjoitus 3 Kiuas\Harjoitus 3 Kiuas.csproj", "{5BFC8B46-931C-4A35-A357-EA643446488B}"
EndProject
Global
	GlobalSection(SolutionConfigurationPlatforms) = preSolution
		Debug|Any CPU = Debug|Any CPU
		Release|Any CPU = Release|Any CPU
	EndGlobalSection
	GlobalSection(ProjectConfigurationPlatforms) = postSolution
		{5BFC8B46-931C-4A35-A357-EA643446488B}.Debug|Any CPU.ActiveCfg = Debug|Any CPU
		{5BFC8B46-931C-4A35-A357-EA643446488B}.Debug|Any CPU.Build.0 = Debug|Any CPU
		{5BFC8B46-931C-4A35-A357-EA643446488B}.Release|Any CPU.ActiveCfg = Release|Any CPU
		{5BFC8B46-931C-4A35-A357-EA643446488B}.Release|Any CPU.Build.0 = Release|Any CPU
	EndGlobalSection
	GlobalSection(SolutionProperties) = preSolution
		HideSolutionNode = FALSE
	EndGlobalSection
	GlobalSection(ExtensibilityGlobals) = postSolution
		SolutionGuid = {C7E27445-6ECB-412D-A89C-E932C8F85D3A}
	EndGlobalSection
EndGlobal
