
Microsoft Visual Studio Solution File, Format Version 12.00
# Visual Studio Version 17
VisualStudioVersion = 17.3.32929.385
MinimumVisualStudioVersion = 10.0.40219.1
Project("{FAE04EC0-301F-11D3-BF4B-00C04F79EFBC}") = "Harjoitus 4 Albumi", "Harjoitus 4 Albumi\Harjoitus 4 Albumi.csproj", "{5F8716BA-7355-44B8-BD9D-271D53874D41}"
EndProject
Global
	GlobalSection(SolutionConfigurationPlatforms) = preSolution
		Debug|Any CPU = Debug|Any CPU
		Release|Any CPU = Release|Any CPU
	EndGlobalSection
	GlobalSection(ProjectConfigurationPlatforms) = postSolution
		{5F8716BA-7355-44B8-BD9D-271D53874D41}.Debug|Any CPU.ActiveCfg = Debug|Any CPU
		{5F8716BA-7355-44B8-BD9D-271D53874D41}.Debug|Any CPU.Build.0 = Debug|Any CPU
		{5F8716BA-7355-44B8-BD9D-271D53874D41}.Release|Any CPU.ActiveCfg = Release|Any CPU
		{5F8716BA-7355-44B8-BD9D-271D53874D41}.Release|Any CPU.Build.0 = Release|Any CPU
	EndGlobalSection
	GlobalSection(SolutionProperties) = preSolution
		HideSolutionNode = FALSE
	EndGlobalSection
	GlobalSection(ExtensibilityGlobals) = postSolution
		SolutionGuid = {F14FFF17-6663-469C-8BAA-946B7765CE59}
	EndGlobalSection
EndGlobal
