
Microsoft Visual Studio Solution File, Format Version 12.00
# Visual Studio Version 17
VisualStudioVersion = 17.3.32929.385
MinimumVisualStudioVersion = 10.0.40219.1
Project("{FAE04EC0-301F-11D3-BF4B-00C04F79EFBC}") = "“Harjoitus 8 (KT)”", "“Harjoitus 8 (KT)”\“Harjoitus 8 (KT)”.csproj", "{045589CE-5DCA-4171-A76B-300F184D8481}"
EndProject
Global
	GlobalSection(SolutionConfigurationPlatforms) = preSolution
		Debug|Any CPU = Debug|Any CPU
		Release|Any CPU = Release|Any CPU
	EndGlobalSection
	GlobalSection(ProjectConfigurationPlatforms) = postSolution
		{045589CE-5DCA-4171-A76B-300F184D8481}.Debug|Any CPU.ActiveCfg = Debug|Any CPU
		{045589CE-5DCA-4171-A76B-300F184D8481}.Debug|Any CPU.Build.0 = Debug|Any CPU
		{045589CE-5DCA-4171-A76B-300F184D8481}.Release|Any CPU.ActiveCfg = Release|Any CPU
		{045589CE-5DCA-4171-A76B-300F184D8481}.Release|Any CPU.Build.0 = Release|Any CPU
	EndGlobalSection
	GlobalSection(SolutionProperties) = preSolution
		HideSolutionNode = FALSE
	EndGlobalSection
	GlobalSection(ExtensibilityGlobals) = postSolution
		SolutionGuid = {F200BC8F-0F9E-42FF-B230-B19430E5ACEF}
	EndGlobalSection
EndGlobal
