
Microsoft Visual Studio Solution File, Format Version 12.00
# Visual Studio Version 17
VisualStudioVersion = 17.3.32929.385
MinimumVisualStudioVersion = 10.0.40219.1
Project("{FAE04EC0-301F-11D3-BF4B-00C04F79EFBC}") = "Harjoitus 9 Radio", "Harjoitus 9 Radio\Harjoitus 9 Radio.csproj", "{C499C1A5-D537-4B79-AE25-444F114144B5}"
EndProject
Global
	GlobalSection(SolutionConfigurationPlatforms) = preSolution
		Debug|Any CPU = Debug|Any CPU
		Release|Any CPU = Release|Any CPU
	EndGlobalSection
	GlobalSection(ProjectConfigurationPlatforms) = postSolution
		{C499C1A5-D537-4B79-AE25-444F114144B5}.Debug|Any CPU.ActiveCfg = Debug|Any CPU
		{C499C1A5-D537-4B79-AE25-444F114144B5}.Debug|Any CPU.Build.0 = Debug|Any CPU
		{C499C1A5-D537-4B79-AE25-444F114144B5}.Release|Any CPU.ActiveCfg = Release|Any CPU
		{C499C1A5-D537-4B79-AE25-444F114144B5}.Release|Any CPU.Build.0 = Release|Any CPU
	EndGlobalSection
	GlobalSection(SolutionProperties) = preSolution
		HideSolutionNode = FALSE
	EndGlobalSection
	GlobalSection(ExtensibilityGlobals) = postSolution
		SolutionGuid = {69753C3D-F77A-43D9-87AA-B7807B4A0538}
	EndGlobalSection
EndGlobal
